// !$*UTF8*$!
{
	archiveVersion = 1;
	classes = {
	};
	objectVersion = 46;
	objects = {

/* Begin PBXBuildFile section */
		F6A070ED1E589F0300A6D21D /* Changelog.md in Sources */ = {isa = PBXBuildFile; fileRef = F6A070EA1E589F0300A6D21D /* Changelog.md */; };
		F6A070EE1E589F0300A6D21D /* LICENSE.txt in Resources */ = {isa = PBXBuildFile; fileRef = F6A070EB1E589F0300A6D21D /* LICENSE.txt */; };
		F6A070EF1E589F0300A6D21D /* README.md in Sources */ = {isa = PBXBuildFile; fileRef = F6A070EC1E589F0300A6D21D /* README.md */; };
		F6E0ED901DC3C53F00DAE12D /* KernelPanic.cpp in Sources */ = {isa = PBXBuildFile; fileRef = F6E0ED8D1DC3C53F00DAE12D /* KernelPanic.cpp */; };
		F6E0ED911DC3C53F00DAE12D /* KernelPanic.hpp in Headers */ = {isa = PBXBuildFile; fileRef = F6E0ED8E1DC3C53F00DAE12D /* KernelPanic.hpp */; };
/* End PBXBuildFile section */

/* Begin PBXFileReference section */
		F624BBAC1F02D800001644C3 /* KernelPanic.kext */ = {isa = PBXFileReference; explicitFileType = wrapper.cfbundle; includeInIndex = 0; path = KernelPanic.kext; sourceTree = BUILT_PRODUCTS_DIR; };
		F67E793D1DC3B6C10005F5EF /* KernelPanic.kext */ = {isa = PBXFileReference; explicitFileType = wrapper.cfbundle; includeInIndex = 0; path = KernelPanic.kext; sourceTree = BUILT_PRODUCTS_DIR; };
		F67E794B1DC3B6D10005F5EF /* Kernel.framework */ = {isa = PBXFileReference; lastKnownFileType = wrapper.framework; name = Kernel.framework; path = System/Library/Frameworks/Kernel.framework; sourceTree = SDKROOT; };
		F6A070EA1E589F0300A6D21D /* Changelog.md */ = {isa = PBXFileReference; fileEncoding = 4; lastKnownFileType = net.daringfireball.markdown; path = Changelog.md; sourceTree = "<group>"; };
		F6A070EB1E589F0300A6D21D /* LICENSE.txt */ = {isa = PBXFileReference; fileEncoding = 4; lastKnownFileType = text; path = LICENSE.txt; sourceTree = "<group>"; };
		F6A070EC1E589F0300A6D21D /* README.md */ = {isa = PBXFileReference; fileEncoding = 4; lastKnownFileType = net.daringfireball.markdown; path = README.md; sourceTree = "<group>"; };
		F6E0ED8D1DC3C53F00DAE12D /* KernelPanic.cpp */ = {isa = PBXFileReference; fileEncoding = 4; lastKnownFileType = sourcecode.cpp.cpp; name = KernelPanic.cpp; path = KernelPanic/KernelPanic.cpp; sourceTree = SOURCE_ROOT; };
		F6E0ED8E1DC3C53F00DAE12D /* KernelPanic.hpp */ = {isa = PBXFileReference; fileEncoding = 4; lastKnownFileType = sourcecode.cpp.h; name = KernelPanic.hpp; path = KernelPanic/KernelPanic.hpp; sourceTree = SOURCE_ROOT; };
		F6E0ED8F1DC3C53F00DAE12D /* Info.plist */ = {isa = PBXFileReference; fileEncoding = 4; lastKnownFileType = text.plist.xml; name = Info.plist; path = KernelPanic/Info.plist; sourceTree = SOURCE_ROOT; };
/* End PBXFileReference section */

/* Begin PBXFrameworksBuildPhase section */
		F624BBA81F02D800001644C3 /* Frameworks */ = {
			isa = PBXFrameworksBuildPhase;
			buildActionMask = 2147483647;
			files = (
			);
			runOnlyForDeploymentPostprocessing = 0;
		};
		F67E79391DC3B6C10005F5EF /* Frameworks */ = {
			isa = PBXFrameworksBuildPhase;
			buildActionMask = 2147483647;
			files = (
			);
			runOnlyForDeploymentPostprocessing = 0;
		};
/* End PBXFrameworksBuildPhase section */

/* Begin PBXGroup section */
		F624BBAD1F02D800001644C3 /* KernelPanic */ = {
			isa = PBXGroup;
			children = (
				F6E0ED8D1DC3C53F00DAE12D /* KernelPanic.cpp */,
				F6E0ED8E1DC3C53F00DAE12D /* KernelPanic.hpp */,
				F6E0ED8F1DC3C53F00DAE12D /* Info.plist */,
			);
			name = KernelPanic;
			path = KernelPanic;
			sourceTree = "<group>";
		};
		F67E79331DC3B6C10005F5EF = {
			isa = PBXGroup;
			children = (
				F6A070E91E589EF700A6D21D /* Docs */,
				F624BBAD1F02D800001644C3 /* KernelPanic */,
				F67E793E1DC3B6C10005F5EF /* Products */,
				F67E794A1DC3B6D10005F5EF /* Frameworks */,
			);
			sourceTree = "<group>";
		};
		F67E793E1DC3B6C10005F5EF /* Products */ = {
			isa = PBXGroup;
			children = (
				F67E793D1DC3B6C10005F5EF /* KernelPanic.kext */,
				F624BBAC1F02D800001644C3 /* KernelPanic.kext */,
			);
			name = Products;
			sourceTree = "<group>";
		};
		F67E794A1DC3B6D10005F5EF /* Frameworks */ = {
			isa = PBXGroup;
			children = (
				F67E794B1DC3B6D10005F5EF /* Kernel.framework */,
			);
			name = Frameworks;
			sourceTree = "<group>";
		};
		F6A070E91E589EF700A6D21D /* Docs */ = {
			isa = PBXGroup;
			children = (
				F6A070EA1E589F0300A6D21D /* Changelog.md */,
				F6A070EB1E589F0300A6D21D /* LICENSE.txt */,
				F6A070EC1E589F0300A6D21D /* README.md */,
			);
			name = Docs;
			sourceTree = "<group>";
		};
/* End PBXGroup section */

/* Begin PBXHeadersBuildPhase section */
		F624BBA91F02D800001644C3 /* Headers */ = {
			isa = PBXHeadersBuildPhase;
			buildActionMask = 2147483647;
			files = (
			);
			runOnlyForDeploymentPostprocessing = 0;
		};
		F67E793A1DC3B6C10005F5EF /* Headers */ = {
			isa = PBXHeadersBuildPhase;
			buildActionMask = 2147483647;
			files = (
				F6E0ED911DC3C53F00DAE12D /* KernelPanic.hpp in Headers */,
			);
			runOnlyForDeploymentPostprocessing = 0;
		};
/* End PBXHeadersBuildPhase section */

/* Begin PBXNativeTarget section */
		F624BBAB1F02D800001644C3 /* KernelPanic */ = {
			isa = PBXNativeTarget;
			buildConfigurationList = F624BBB31F02D800001644C3 /* Build configuration list for PBXNativeTarget "KernelPanic" */;
			buildPhases = (
				F624BBA71F02D800001644C3 /* Sources */,
				F624BBA81F02D800001644C3 /* Frameworks */,
				F624BBA91F02D800001644C3 /* Headers */,
				F624BBAA1F02D800001644C3 /* Resources */,
			);
			buildRules = (
			);
			dependencies = (
			);
			name = KernelPanic;
			productName = KernelPanic;
			productReference = F624BBAC1F02D800001644C3 /* KernelPanic.kext */;
			productType = "com.apple.product-type.kernel-extension";
		};
		F67E793C1DC3B6C10005F5EF /* KernelPanic */ = {
			isa = PBXNativeTarget;
			buildConfigurationList = F67E79471DC3B6C10005F5EF /* Build configuration list for PBXNativeTarget "KernelPanic" */;
			buildPhases = (
				F67E79381DC3B6C10005F5EF /* Sources */,
				F67E79391DC3B6C10005F5EF /* Frameworks */,
				F67E793A1DC3B6C10005F5EF /* Headers */,
				F67E793B1DC3B6C10005F5EF /* Resources */,
			);
			buildRules = (
			);
			dependencies = (
			);
			name = KernelPanic;
			productName = HibernateVarSync;
			productReference = F67E793D1DC3B6C10005F5EF /* KernelPanic.kext */;
			productType = "com.apple.product-type.kernel-extension";
		};
/* End PBXNativeTarget section */

/* Begin PBXProject section */
		F67E79341DC3B6C10005F5EF /* Project object */ = {
			isa = PBXProject;
			attributes = {
				LastUpgradeCheck = 0820;
				ORGANIZATIONNAME = "Sergey Lvov";
				TargetAttributes = {
					F624BBAB1F02D800001644C3 = {
						CreatedOnToolsVersion = 8.3.3;
						ProvisioningStyle = Automatic;
					};
					F67E793C1DC3B6C10005F5EF = {
						CreatedOnToolsVersion = 8.0;
						ProvisioningStyle = Automatic;
					};
				};
			};
			buildConfigurationList = F67E79371DC3B6C10005F5EF /* Build configuration list for PBXProject "KernelPanic" */;
			compatibilityVersion = "Xcode 3.2";
			developmentRegion = English;
			hasScannedForEncodings = 0;
			knownRegions = (
				en,
			);
			mainGroup = F67E79331DC3B6C10005F5EF;
			productRefGroup = F67E793E1DC3B6C10005F5EF /* Products */;
			projectDirPath = "";
			projectRoot = "";
			targets = (
				F67E793C1DC3B6C10005F5EF /* KernelPanic */,
				F624BBAB1F02D800001644C3 /* KernelPanic */,
			);
		};
/* End PBXProject section */

/* Begin PBXResourcesBuildPhase section */
		F624BBAA1F02D800001644C3 /* Resources */ = {
			isa = PBXResourcesBuildPhase;
			buildActionMask = 2147483647;
			files = (
			);
			runOnlyForDeploymentPostprocessing = 0;
		};
		F67E793B1DC3B6C10005F5EF /* Resources */ = {
			isa = PBXResourcesBuildPhase;
			buildActionMask = 2147483647;
			files = (
				F6A070EE1E589F0300A6D21D /* LICENSE.txt in Resources */,
			);
			runOnlyForDeploymentPostprocessing = 0;
		};
/* End PBXResourcesBuildPhase section */

/* Begin PBXSourcesBuildPhase section */
		F624BBA71F02D800001644C3 /* Sources */ = {
			isa = PBXSourcesBuildPhase;
			buildActionMask = 2147483647;
			files = (
			);
			runOnlyForDeploymentPostprocessing = 0;
		};
		F67E79381DC3B6C10005F5EF /* Sources */ = {
			isa = PBXSourcesBuildPhase;
			buildActionMask = 2147483647;
			files = (
				F6A070EF1E589F0300A6D21D /* README.md in Sources */,
				F6E0ED901DC3C53F00DAE12D /* KernelPanic.cpp in Sources */,
				F6A070ED1E589F0300A6D21D /* Changelog.md in Sources */,
			);
			runOnlyForDeploymentPostprocessing = 0;
		};
/* End PBXSourcesBuildPhase section */

/* Begin XCBuildConfiguration section */
		F624BBB11F02D800001644C3 /* Debug */ = {
			isa = XCBuildConfiguration;
			buildSettings = {
				CLANG_ANALYZER_NUMBER_OBJECT_CONVERSION = YES_AGGRESSIVE;
				INFOPLIST_FILE = KernelPanic/Info.plist;
				MODULE_NAME = lvs1974.KernelPanic;
				MODULE_START = KernelPanic_start;
				MODULE_STOP = KernelPanic_stop;
				MODULE_VERSION = 1.0.0d1;
				PRODUCT_BUNDLE_IDENTIFIER = lvs1974.KernelPanic;
				PRODUCT_NAME = "$(TARGET_NAME)";
				WRAPPER_EXTENSION = kext;
			};
			name = Debug;
		};
		F624BBB21F02D800001644C3 /* Release */ = {
			isa = XCBuildConfiguration;
			buildSettings = {
				CLANG_ANALYZER_NUMBER_OBJECT_CONVERSION = YES_AGGRESSIVE;
				INFOPLIST_FILE = KernelPanic/Info.plist;
				MODULE_NAME = lvs1974.KernelPanic;
				MODULE_START = KernelPanic_start;
				MODULE_STOP = KernelPanic_stop;
				MODULE_VERSION = 1.0.0d1;
				PRODUCT_BUNDLE_IDENTIFIER = lvs1974.KernelPanic;
				PRODUCT_NAME = "$(TARGET_NAME)";
				WRAPPER_EXTENSION = kext;
			};
			name = Release;
		};
		F67E79451DC3B6C10005F5EF /* Debug */ = {
			isa = XCBuildConfiguration;
			buildSettings = {
				ALWAYS_SEARCH_USER_PATHS = NO;
				CLANG_ANALYZER_NONNULL = YES;
				CLANG_CXX_LANGUAGE_STANDARD = "gnu++0x";
				CLANG_CXX_LIBRARY = "libc++";
				CLANG_ENABLE_MODULES = YES;
				CLANG_ENABLE_OBJC_ARC = YES;
				CLANG_WARN_BOOL_CONVERSION = YES;
				CLANG_WARN_CONSTANT_CONVERSION = YES;
				CLANG_WARN_DIRECT_OBJC_ISA_USAGE = YES_ERROR;
				CLANG_WARN_DOCUMENTATION_COMMENTS = YES;
				CLANG_WARN_EMPTY_BODY = YES;
				CLANG_WARN_ENUM_CONVERSION = YES;
				CLANG_WARN_INFINITE_RECURSION = YES;
				CLANG_WARN_INT_CONVERSION = YES;
				CLANG_WARN_OBJC_ROOT_CLASS = YES_ERROR;
				CLANG_WARN_SUSPICIOUS_MOVE = YES;
				CLANG_WARN_SUSPICIOUS_MOVES = YES;
				CLANG_WARN_UNREACHABLE_CODE = YES;
				CLANG_WARN__DUPLICATE_METHOD_MATCH = YES;
				CODE_SIGN_IDENTITY = "-";
				COPY_PHASE_STRIP = NO;
				DEBUG_INFORMATION_FORMAT = dwarf;
				ENABLE_STRICT_OBJC_MSGSEND = YES;
				ENABLE_TESTABILITY = YES;
				GCC_C_LANGUAGE_STANDARD = gnu99;
				GCC_DYNAMIC_NO_PIC = NO;
				GCC_NO_COMMON_BLOCKS = YES;
				GCC_OPTIMIZATION_LEVEL = 0;
				GCC_PREPROCESSOR_DEFINITIONS = (
					"DEBUG=1",
					"$(inherited)",
				);
				GCC_WARN_64_TO_32_BIT_CONVERSION = YES;
				GCC_WARN_ABOUT_RETURN_TYPE = YES_ERROR;
				GCC_WARN_UNDECLARED_SELECTOR = YES;
				GCC_WARN_UNINITIALIZED_AUTOS = YES_AGGRESSIVE;
				GCC_WARN_UNUSED_FUNCTION = YES;
				GCC_WARN_UNUSED_VARIABLE = YES;
				MACOSX_DEPLOYMENT_TARGET = 10.12;
				MTL_ENABLE_DEBUG_INFO = YES;
				ONLY_ACTIVE_ARCH = YES;
				SDKROOT = macosx;
			};
			name = Debug;
		};
		F67E79461DC3B6C10005F5EF /* Release */ = {
			isa = XCBuildConfiguration;
			buildSettings = {
				ALWAYS_SEARCH_USER_PATHS = NO;
				CLANG_ANALYZER_NONNULL = YES;
				CLANG_CXX_LANGUAGE_STANDARD = "gnu++0x";
				CLANG_CXX_LIBRARY = "libc++";
				CLANG_ENABLE_MODULES = YES;
				CLANG_ENABLE_OBJC_ARC = YES;
				CLANG_WARN_BOOL_CONVERSION = YES;
				CLANG_WARN_CONSTANT_CONVERSION = YES;
				CLANG_WARN_DIRECT_OBJC_ISA_USAGE = YES_ERROR;
				CLANG_WARN_DOCUMENTATION_COMMENTS = YES;
				CLANG_WARN_EMPTY_BODY = YES;
				CLANG_WARN_ENUM_CONVERSION = YES;
				CLANG_WARN_INFINITE_RECURSION = YES;
				CLANG_WARN_INT_CONVERSION = YES;
				CLANG_WARN_OBJC_ROOT_CLASS = YES_ERROR;
				CLANG_WARN_SUSPICIOUS_MOVE = YES;
				CLANG_WARN_SUSPICIOUS_MOVES = YES;
				CLANG_WARN_UNREACHABLE_CODE = YES;
				CLANG_WARN__DUPLICATE_METHOD_MATCH = YES;
				CODE_SIGN_IDENTITY = "-";
				COPY_PHASE_STRIP = NO;
				DEBUG_INFORMATION_FORMAT = "dwarf-with-dsym";
				ENABLE_NS_ASSERTIONS = NO;
				ENABLE_STRICT_OBJC_MSGSEND = YES;
				GCC_C_LANGUAGE_STANDARD = gnu99;
				GCC_NO_COMMON_BLOCKS = YES;
				GCC_WARN_64_TO_32_BIT_CONVERSION = YES;
				GCC_WARN_ABOUT_RETURN_TYPE = YES_ERROR;
				GCC_WARN_UNDECLARED_SELECTOR = YES;
				GCC_WARN_UNINITIALIZED_AUTOS = YES_AGGRESSIVE;
				GCC_WARN_UNUSED_FUNCTION = YES;
				GCC_WARN_UNUSED_VARIABLE = YES;
				MACOSX_DEPLOYMENT_TARGET = 10.12;
				MTL_ENABLE_DEBUG_INFO = NO;
				SDKROOT = macosx;
			};
			name = Release;
		};
		F67E79481DC3B6C10005F5EF /* Debug */ = {
			isa = XCBuildConfiguration;
			buildSettings = {
				COMBINE_HIDPI_IMAGES = YES;
				CURRENT_PROJECT_VERSION = 1.0.0d1;
				GCC_ENABLE_CPP_EXCEPTIONS = NO;
				GCC_ENABLE_CPP_RTTI = NO;
				INFOPLIST_FILE = KernelPanic/Info.plist;
				MACOSX_DEPLOYMENT_TARGET = 10.8;
				MODULE_NAME = lvs1974.KernelPanic;
				MODULE_VERSION = 1.0.0d1;
				PRODUCT_BUNDLE_IDENTIFIER = KernelPanic;
				PRODUCT_NAME = "$(TARGET_NAME)";
				WRAPPER_EXTENSION = kext;
			};
			name = Debug;
		};
		F67E79491DC3B6C10005F5EF /* Release */ = {
			isa = XCBuildConfiguration;
			buildSettings = {
				COMBINE_HIDPI_IMAGES = YES;
				CURRENT_PROJECT_VERSION = 1.0.0d1;
				GCC_ENABLE_CPP_EXCEPTIONS = NO;
				GCC_ENABLE_CPP_RTTI = NO;
				INFOPLIST_FILE = KernelPanic/Info.plist;
				MACOSX_DEPLOYMENT_TARGET = 10.8;
				MODULE_NAME = lvs1974.KernelPanic;
				MODULE_VERSION = 1.0.0d1;
				PRODUCT_BUNDLE_IDENTIFIER = KernelPanic;
				PRODUCT_NAME = "$(TARGET_NAME)";
				WRAPPER_EXTENSION = kext;
			};
			name = Release;
		};
/* End XCBuildConfiguration section */

/* Begin XCConfigurationList section */
		F624BBB31F02D800001644C3 /* Build configuration list for PBXNativeTarget "KernelPanic" */ = {
			isa = XCConfigurationList;
			buildConfigurations = (
				F624BBB11F02D800001644C3 /* Debug */,
				F624BBB21F02D800001644C3 /* Release */,
			);
			defaultConfigurationIsVisible = 0;
		};
		F67E79371DC3B6C10005F5EF /* Build configuration list for PBXProject "KernelPanic" */ = {
			isa = XCConfigurationList;
			buildConfigurations = (
				F67E79451DC3B6C10005F5EF /* Debug */,
				F67E79461DC3B6C10005F5EF /* Release */,
			);
			defaultConfigurationIsVisible = 0;
			defaultConfigurationName = Release;
		};
		F67E79471DC3B6C10005F5EF /* Build configuration list for PBXNativeTarget "KernelPanic" */ = {
			isa = XCConfigurationList;
			buildConfigurations = (
				F67E79481DC3B6C10005F5EF /* Debug */,
				F67E79491DC3B6C10005F5EF /* Release */,
			);
			defaultConfigurationIsVisible = 0;
			defaultConfigurationName = Release;
		};
/* End XCConfigurationList section */
	};
	rootObject = F67E79341DC3B6C10005F5EF /* Project object */;
}
