// !$*UTF8*$!
{
	archiveVersion = 1;
	classes = {
	};
	objectVersion = 46;
	objects = {

/* Begin PBXBuildFile section */
		F652CF4A1F02F73100E138D3 /* KernelPanic.c in Sources */ = {isa = PBXBuildFile; fileRef = F652CF491F02F73100E138D3 /* KernelPanic.c */; };
/* End PBXBuildFile section */

/* Begin PBXFileReference section */
		F652CF461F02F73100E138D3 /* KernelPanic.kext */ = {isa = PBXFileReference; explicitFileType = wrapper.cfbundle; includeInIndex = 0; path = KernelPanic.kext; sourceTree = BUILT_PRODUCTS_DIR; };
		F652CF491F02F73100E138D3 /* KernelPanic.c */ = {isa = PBXFileReference; lastKnownFileType = sourcecode.c.c; path = KernelPanic.c; sourceTree = "<group>"; };
		F652CF4B1F02F73100E138D3 /* Info.plist */ = {isa = PBXFileReference; lastKnownFileType = text.plist.xml; path = Info.plist; sourceTree = "<group>"; };
/* End PBXFileReference section */

/* Begin PBXFrameworksBuildPhase section */
		F652CF421F02F73100E138D3 /* Frameworks */ = {
			isa = PBXFrameworksBuildPhase;
			buildActionMask = 2147483647;
			files = (
			);
			runOnlyForDeploymentPostprocessing = 0;
		};
/* End PBXFrameworksBuildPhase section */

/* Begin PBXGroup section */
		F652CF3C1F02F73100E138D3 = {
			isa = PBXGroup;
			children = (
				F652CF481F02F73100E138D3 /* KernelPanic */,
				F652CF471F02F73100E138D3 /* Products */,
			);
			sourceTree = "<group>";
		};
		F652CF471F02F73100E138D3 /* Products */ = {
			isa = PBXGroup;
			children = (
				F652CF461F02F73100E138D3 /* KernelPanic.kext */,
			);
			name = Products;
			sourceTree = "<group>";
		};
		F652CF481F02F73100E138D3 /* KernelPanic */ = {
			isa = PBXGroup;
			children = (
				F652CF491F02F73100E138D3 /* KernelPanic.c */,
				F652CF4B1F02F73100E138D3 /* Info.plist */,
			);
			path = KernelPanic;
			sourceTree = "<group>";
		};
/* End PBXGroup section */

/* Begin PBXHeadersBuildPhase section */
		F652CF431F02F73100E138D3 /* Headers */ = {
			isa = PBXHeadersBuildPhase;
			buildActionMask = 2147483647;
			files = (
			);
			runOnlyForDeploymentPostprocessing = 0;
		};
/* End PBXHeadersBuildPhase section */

/* Begin PBXNativeTarget section */
		F652CF451F02F73100E138D3 /* KernelPanic */ = {
			isa = PBXNativeTarget;
			buildConfigurationList = F652CF4E1F02F73100E138D3 /* Build configuration list for PBXNativeTarget "KernelPanic" */;
			buildPhases = (
				F652CF411F02F73100E138D3 /* Sources */,
				F652CF421F02F73100E138D3 /* Frameworks */,
				F652CF431F02F73100E138D3 /* Headers */,
				F652CF441F02F73100E138D3 /* Resources */,
			);
			buildRules = (
			);
			dependencies = (
			);
			name = KernelPanic;
			productName = KernelPanic;
			productReference = F652CF461F02F73100E138D3 /* KernelPanic.kext */;
			productType = "com.apple.product-type.kernel-extension";
		};
/* End PBXNativeTarget section */

/* Begin PBXProject section */
		F652CF3D1F02F73100E138D3 /* Project object */ = {
			isa = PBXProject;
			attributes = {
				LastUpgradeCheck = 0830;
				ORGANIZATIONNAME = lvs1974;
				TargetAttributes = {
					F652CF451F02F73100E138D3 = {
						CreatedOnToolsVersion = 8.3.3;
						ProvisioningStyle = Automatic;
					};
				};
			};
			buildConfigurationList = F652CF401F02F73100E138D3 /* Build configuration list for PBXProject "KernelPanic" */;
			compatibilityVersion = "Xcode 3.2";
			developmentRegion = English;
			hasScannedForEncodings = 0;
			knownRegions = (
				en,
			);
			mainGroup = F652CF3C1F02F73100E138D3;
			productRefGroup = F652CF471F02F73100E138D3 /* Products */;
			projectDirPath = "";
			projectRoot = "";
			targets = (
				F652CF451F02F73100E138D3 /* KernelPanic */,
			);
		};
/* End PBXProject section */

/* Begin PBXResourcesBuildPhase section */
		F652CF441F02F73100E138D3 /* Resources */ = {
			isa = PBXResourcesBuildPhase;
			buildActionMask = 2147483647;
			files = (
			);
			runOnlyForDeploymentPostprocessing = 0;
		};
/* End PBXResourcesBuildPhase section */

/* Begin PBXSourcesBuildPhase section */
		F652CF411F02F73100E138D3 /* Sources */ = {
			isa = PBXSourcesBuildPhase;
			buildActionMask = 2147483647;
			files = (
				F652CF4A1F02F73100E138D3 /* KernelPanic.c in Sources */,
			);
			runOnlyForDeploymentPostprocessing = 0;
		};
/* End PBXSourcesBuildPhase section */

/* Begin XCBuildConfiguration section */
		F652CF4C1F02F73100E138D3 /* Debug */ = {
			isa = XCBuildConfiguration;
			buildSettings = {
				ALWAYS_SEARCH_USER_PATHS = NO;
				CLANG_ANALYZER_NONNULL = YES;
				CLANG_ANALYZER_NUMBER_OBJECT_CONVERSION = YES_AGGRESSIVE;
				CLANG_CXX_LANGUAGE_STANDARD = "gnu++0x";
				CLANG_CXX_LIBRARY = "libc++";
				CLANG_ENABLE_MODULES = YES;
				CLANG_ENABLE_OBJC_ARC = YES;
				CLANG_WARN_BOOL_CONVERSION = YES;
				CLANG_WARN_CONSTANT_CONVERSION = YES;
				CLANG_WARN_DIRECT_OBJC_ISA_USAGE = YES_ERROR;
				CLANG_WARN_DOCUMENTATION_COMMENTS = YES;
				CLANG_WARN_EMPTY_BODY = YES;
				CLANG_WARN_ENUM_CONVERSION = YES;
				CLANG_WARN_INFINITE_RECURSION = YES;
				CLANG_WARN_INT_CONVERSION = YES;
				CLANG_WARN_OBJC_ROOT_CLASS = YES_ERROR;
				CLANG_WARN_SUSPICIOUS_MOVE = YES;
				CLANG_WARN_UNREACHABLE_CODE = YES;
				CLANG_WARN__DUPLICATE_METHOD_MATCH = YES;
				CODE_SIGN_IDENTITY = "-";
				COPY_PHASE_STRIP = NO;
				DEBUG_INFORMATION_FORMAT = dwarf;
				ENABLE_STRICT_OBJC_MSGSEND = YES;
				ENABLE_TESTABILITY = YES;
				GCC_C_LANGUAGE_STANDARD = gnu99;
				GCC_DYNAMIC_NO_PIC = NO;
				GCC_NO_COMMON_BLOCKS = YES;
				GCC_OPTIMIZATION_LEVEL = 0;
				GCC_PREPROCESSOR_DEFINITIONS = (
					"DEBUG=1",
					"$(inherited)",
				);
				GCC_WARN_64_TO_32_BIT_CONVERSION = YES;
				GCC_WARN_ABOUT_RETURN_TYPE = YES_ERROR;
				GCC_WARN_UNDECLARED_SELECTOR = YES;
				GCC_WARN_UNINITIALIZED_AUTOS = YES_AGGRESSIVE;
				GCC_WARN_UNUSED_FUNCTION = YES;
				GCC_WARN_UNUSED_VARIABLE = YES;
				MACOSX_DEPLOYMENT_TARGET = 10.12;
				MTL_ENABLE_DEBUG_INFO = YES;
				ONLY_ACTIVE_ARCH = YES;
				SDKROOT = macosx;
			};
			name = Debug;
		};
		F652CF4D1F02F73100E138D3 /* Release */ = {
			isa = XCBuildConfiguration;
			buildSettings = {
				ALWAYS_SEARCH_USER_PATHS = NO;
				CLANG_ANALYZER_NONNULL = YES;
				CLANG_ANALYZER_NUMBER_OBJECT_CONVERSION = YES_AGGRESSIVE;
				CLANG_CXX_LANGUAGE_STANDARD = "gnu++0x";
				CLANG_CXX_LIBRARY = "libc++";
				CLANG_ENABLE_MODULES = YES;
				CLANG_ENABLE_OBJC_ARC = YES;
				CLANG_WARN_BOOL_CONVERSION = YES;
				CLANG_WARN_CONSTANT_CONVERSION = YES;
				CLANG_WARN_DIRECT_OBJC_ISA_USAGE = YES_ERROR;
				CLANG_WARN_DOCUMENTATION_COMMENTS = YES;
				CLANG_WARN_EMPTY_BODY = YES;
				CLANG_WARN_ENUM_CONVERSION = YES;
				CLANG_WARN_INFINITE_RECURSION = YES;
				CLANG_WARN_INT_CONVERSION = YES;
				CLANG_WARN_OBJC_ROOT_CLASS = YES_ERROR;
				CLANG_WARN_SUSPICIOUS_MOVE = YES;
				CLANG_WARN_UNREACHABLE_CODE = YES;
				CLANG_WARN__DUPLICATE_METHOD_MATCH = YES;
				CODE_SIGN_IDENTITY = "-";
				COPY_PHASE_STRIP = NO;
				DEBUG_INFORMATION_FORMAT = "dwarf-with-dsym";
				ENABLE_NS_ASSERTIONS = NO;
				ENABLE_STRICT_OBJC_MSGSEND = YES;
				GCC_C_LANGUAGE_STANDARD = gnu99;
				GCC_NO_COMMON_BLOCKS = YES;
				GCC_WARN_64_TO_32_BIT_CONVERSION = YES;
				GCC_WARN_ABOUT_RETURN_TYPE = YES_ERROR;
				GCC_WARN_UNDECLARED_SELECTOR = YES;
				GCC_WARN_UNINITIALIZED_AUTOS = YES_AGGRESSIVE;
				GCC_WARN_UNUSED_FUNCTION = YES;
				GCC_WARN_UNUSED_VARIABLE = YES;
				MACOSX_DEPLOYMENT_TARGET = 10.12;
				MTL_ENABLE_DEBUG_INFO = NO;
				SDKROOT = macosx;
			};
			name = Release;
		};
		F652CF4F1F02F73100E138D3 /* Debug */ = {
			isa = XCBuildConfiguration;
			buildSettings = {
				INFOPLIST_FILE = KernelPanic/Info.plist;
				MODULE_NAME = lvs1974.KernelPanic;
				MODULE_START = KernelPanic_start;
				MODULE_STOP = KernelPanic_stop;
				MODULE_VERSION = 1.0.0d1;
				PRODUCT_BUNDLE_IDENTIFIER = lvs1974.KernelPanic;
				PRODUCT_NAME = "$(TARGET_NAME)";
				WRAPPER_EXTENSION = kext;
			};
			name = Debug;
		};
		F652CF501F02F73100E138D3 /* Release */ = {
			isa = XCBuildConfiguration;
			buildSettings = {
				INFOPLIST_FILE = KernelPanic/Info.plist;
				MODULE_NAME = lvs1974.KernelPanic;
				MODULE_START = KernelPanic_start;
				MODULE_STOP = KernelPanic_stop;
				MODULE_VERSION = 1.0.0d1;
				PRODUCT_BUNDLE_IDENTIFIER = lvs1974.KernelPanic;
				PRODUCT_NAME = "$(TARGET_NAME)";
				WRAPPER_EXTENSION = kext;
			};
			name = Release;
		};
/* End XCBuildConfiguration section */

/* Begin XCConfigurationList section */
		F652CF401F02F73100E138D3 /* Build configuration list for PBXProject "KernelPanic" */ = {
			isa = XCConfigurationList;
			buildConfigurations = (
				F652CF4C1F02F73100E138D3 /* Debug */,
				F652CF4D1F02F73100E138D3 /* Release */,
			);
			defaultConfigurationIsVisible = 0;
			defaultConfigurationName = Release;
		};
		F652CF4E1F02F73100E138D3 /* Build configuration list for PBXNativeTarget "KernelPanic" */ = {
			isa = XCConfigurationList;
			buildConfigurations = (
				F652CF4F1F02F73100E138D3 /* Debug */,
				F652CF501F02F73100E138D3 /* Release */,
			);
			defaultConfigurationIsVisible = 0;
		};
/* End XCConfigurationList section */
	};
	rootObject = F652CF3D1F02F73100E138D3 /* Project object */;
}
